
Microsoft Visual Studio Solution File, Format Version 12.00
# Visual Studio Version 17
VisualStudioVersion = 17.4.33205.214
MinimumVisualStudioVersion = 10.0.40219.1
Project("{9A19103F-16F7-4668-BE54-9A1E7A4F7556}") = "NsfwONNX", "NsfwONNX\NsfwONNX.csproj", "{68704EFF-CBEE-43FF-B117-AD473C6B105B}"
EndProject
Project("{FAE04EC0-301F-11D3-BF4B-00C04F79EFBC}") = "NsfwONNX.Gpu", "NsfwONNX.Gpu\NsfwONNX.Gpu.csproj", "{0F3120C9-73DE-48B9-BAA0-2B5850A6B9FA}"
EndProject
Global
	GlobalSection(SolutionConfigurationPlatforms) = preSolution
		Debug|Any CPU = Debug|Any CPU
		Release|Any CPU = Release|Any CPU
	EndGlobalSection
	GlobalSection(ProjectConfigurationPlatforms) = postSolution
		{68704EFF-CBEE-43FF-B117-AD473C6B105B}.Debug|Any CPU.ActiveCfg = Debug|Any CPU
		{68704EFF-CBEE-43FF-B117-AD473C6B105B}.Debug|Any CPU.Build.0 = Debug|Any CPU
		{68704EFF-CBEE-43FF-B117-AD473C6B105B}.Release|Any CPU.ActiveCfg = Release|Any CPU
		{68704EFF-CBEE-43FF-B117-AD473C6B105B}.Release|Any CPU.Build.0 = Release|Any CPU
		{0F3120C9-73DE-48B9-BAA0-2B5850A6B9FA}.Debug|Any CPU.ActiveCfg = Debug|Any CPU
		{0F3120C9-73DE-48B9-BAA0-2B5850A6B9FA}.Debug|Any CPU.Build.0 = Debug|Any CPU
		{0F3120C9-73DE-48B9-BAA0-2B5850A6B9FA}.Release|Any CPU.ActiveCfg = Release|Any CPU
		{0F3120C9-73DE-48B9-BAA0-2B5850A6B9FA}.Release|Any CPU.Build.0 = Release|Any CPU
	EndGlobalSection
	GlobalSection(SolutionProperties) = preSolution
		HideSolutionNode = FALSE
	EndGlobalSection
	GlobalSection(ExtensibilityGlobals) = postSolution
		SolutionGuid = {C7F2F2A8-A46A-49D9-804C-A020EEF08E1A}
	EndGlobalSection
EndGlobal
